
Microsoft Visual Studio Solution File, Format Version 12.00
# Visual Studio 15
VisualStudioVersion = 15.0.28307.572
MinimumVisualStudioVersion = 10.0.40219.1
Project("{FAE04EC0-301F-11D3-BF4B-00C04F79EFBC}") = "CookingRecipes", "CookingRecipes\CookingRecipes.csproj", "{0255121C-93DD-43AF-A34C-BB948073DC66}"
EndProject
Project("{FAE04EC0-301F-11D3-BF4B-00C04F79EFBC}") = "CookingRecipes.Tests", "CookingRecipes.Tests\CookingRecipes.Tests.csproj", "{16C65C08-2CE9-49B6-8A65-F01EBC50D6BA}"
EndProject
Global
	GlobalSection(SolutionConfigurationPlatforms) = preSolution
		Debug|Any CPU = Debug|Any CPU
		Release|Any CPU = Release|Any CPU
	EndGlobalSection
	GlobalSection(ProjectConfigurationPlatforms) = postSolution
		{0255121C-93DD-43AF-A34C-BB948073DC66}.Debug|Any CPU.ActiveCfg = Debug|Any CPU
		{0255121C-93DD-43AF-A34C-BB948073DC66}.Debug|Any CPU.Build.0 = Debug|Any CPU
		{0255121C-93DD-43AF-A34C-BB948073DC66}.Release|Any CPU.ActiveCfg = Release|Any CPU
		{0255121C-93DD-43AF-A34C-BB948073DC66}.Release|Any CPU.Build.0 = Release|Any CPU
		{16C65C08-2CE9-49B6-8A65-F01EBC50D6BA}.Debug|Any CPU.ActiveCfg = Debug|Any CPU
		{16C65C08-2CE9-49B6-8A65-F01EBC50D6BA}.Debug|Any CPU.Build.0 = Debug|Any CPU
		{16C65C08-2CE9-49B6-8A65-F01EBC50D6BA}.Release|Any CPU.ActiveCfg = Release|Any CPU
		{16C65C08-2CE9-49B6-8A65-F01EBC50D6BA}.Release|Any CPU.Build.0 = Release|Any CPU
	EndGlobalSection
	GlobalSection(SolutionProperties) = preSolution
		HideSolutionNode = FALSE
	EndGlobalSection
	GlobalSection(ExtensibilityGlobals) = postSolution
		SolutionGuid = {D09E13E5-1F0A-47B6-ACE7-AC52B6BCDA49}
	EndGlobalSection
EndGlobal
